// !$*UTF8*$!
{
	archiveVersion = 1;
	classes = {
	};
	objectVersion = 50;
	objects = {

/* Begin PBXBuildFile section */
		4538C3FB218D42960058F5D8 /* AngelStatusViewController.swift in Sources */ = {isa = PBXBuildFile; fileRef = 4538C3FA218D42960058F5D8 /* AngelStatusViewController.swift */; };
		45CCAB77218E20C10048A34C /* AngelApplicationViewController.swift in Sources */ = {isa = PBXBuildFile; fileRef = 45CCAB76218E20C10048A34C /* AngelApplicationViewController.swift */; };
		5A40C62C218D7804001E8412 /* MessagingViewController.swift in Sources */ = {isa = PBXBuildFile; fileRef = 5A40C62B218D7804001E8412 /* MessagingViewController.swift */; };
		5A40C62E218D7E64001E8412 /* LoginViewController.swift in Sources */ = {isa = PBXBuildFile; fileRef = 5A40C62D218D7E64001E8412 /* LoginViewController.swift */; };
		5A460ABF218D8D1900FA77F7 /* Main.storyboard in Resources */ = {isa = PBXBuildFile; fileRef = 5A460ABD218D8D1900FA77F7 /* Main.storyboard */; };
		5A7FE0AE218D934B005F99A2 /* Podfile in Resources */ = {isa = PBXBuildFile; fileRef = 5A7FE0AD218D934B005F99A2 /* Podfile */; };
		5A7FE0B0218DFC3F005F99A2 /* UserSession.swift in Sources */ = {isa = PBXBuildFile; fileRef = 5A7FE0AF218DFC3F005F99A2 /* UserSession.swift */; };
		5A935CE0218E1E5500077597 /* LandingViewController.swift in Sources */ = {isa = PBXBuildFile; fileRef = 5A935CDF218E1E5500077597 /* LandingViewController.swift */; };
		5B10F67E218D062200344011 /* AppDelegate.swift in Sources */ = {isa = PBXBuildFile; fileRef = 5B10F67D218D062200344011 /* AppDelegate.swift */; };
		5B10F680218D062300344011 /* ConnectViewController.swift in Sources */ = {isa = PBXBuildFile; fileRef = 5B10F67F218D062300344011 /* ConnectViewController.swift */; };
		5B10F682218D062300344011 /* ResourcesViewController.swift in Sources */ = {isa = PBXBuildFile; fileRef = 5B10F681218D062300344011 /* ResourcesViewController.swift */; };
		5B10F687218D062500344011 /* Assets.xcassets in Resources */ = {isa = PBXBuildFile; fileRef = 5B10F686218D062500344011 /* Assets.xcassets */; };
		5B10F68A218D062500344011 /* LaunchScreen.storyboard in Resources */ = {isa = PBXBuildFile; fileRef = 5B10F688218D062500344011 /* LaunchScreen.storyboard */; };
		5B10F695218D062500344011 /* BorrowMyAngelTests.swift in Sources */ = {isa = PBXBuildFile; fileRef = 5B10F694218D062500344011 /* BorrowMyAngelTests.swift */; };
		5B214009218E23AD00AA5CA8 /* Resources.swift in Sources */ = {isa = PBXBuildFile; fileRef = 5B214008218E23AD00AA5CA8 /* Resources.swift */; };
		5B21400C218E240C00AA5CA8 /* LocalResources.swift in Sources */ = {isa = PBXBuildFile; fileRef = 5B21400B218E240C00AA5CA8 /* LocalResources.swift */; };
		5B21400E218E2F7400AA5CA8 /* ResourceDetailViewController.swift in Sources */ = {isa = PBXBuildFile; fileRef = 5B21400D218E2F7400AA5CA8 /* ResourceDetailViewController.swift */; };
		5B214011218E395D00AA5CA8 /* UIColor+BorrowMyAngel.swift in Sources */ = {isa = PBXBuildFile; fileRef = 5B214010218E395D00AA5CA8 /* UIColor+BorrowMyAngel.swift */; };
/* End PBXBuildFile section */

/* Begin PBXContainerItemProxy section */
		5B10F691218D062500344011 /* PBXContainerItemProxy */ = {
			isa = PBXContainerItemProxy;
			containerPortal = 5B10F672218D062200344011 /* Project object */;
			proxyType = 1;
			remoteGlobalIDString = 5B10F679218D062200344011;
			remoteInfo = BorrowMyAngel;
		};
/* End PBXContainerItemProxy section */

/* Begin PBXFileReference section */
		4538C3FA218D42960058F5D8 /* AngelStatusViewController.swift */ = {isa = PBXFileReference; lastKnownFileType = sourcecode.swift; path = AngelStatusViewController.swift; sourceTree = "<group>"; };
		45CCAB76218E20C10048A34C /* AngelApplicationViewController.swift */ = {isa = PBXFileReference; fileEncoding = 4; lastKnownFileType = sourcecode.swift; path = AngelApplicationViewController.swift; sourceTree = "<group>"; tabWidth = 8; usesTabs = 0; };
		4CA1D90DABB7E8E4572F5D09 /* Pods-BorrowMyAngelTests.debug.xcconfig */ = {isa = PBXFileReference; includeInIndex = 1; lastKnownFileType = text.xcconfig; name = "Pods-BorrowMyAngelTests.debug.xcconfig"; path = "Pods/Target Support Files/Pods-BorrowMyAngelTests/Pods-BorrowMyAngelTests.debug.xcconfig"; sourceTree = "<group>"; };
		5A40C62B218D7804001E8412 /* MessagingViewController.swift */ = {isa = PBXFileReference; fileEncoding = 4; lastKnownFileType = sourcecode.swift; path = MessagingViewController.swift; sourceTree = "<group>"; };
		5A40C62D218D7E64001E8412 /* LoginViewController.swift */ = {isa = PBXFileReference; lastKnownFileType = sourcecode.swift; path = LoginViewController.swift; sourceTree = "<group>"; };
		5A460ABE218D8D1900FA77F7 /* Base */ = {isa = PBXFileReference; lastKnownFileType = file.storyboard; name = Base; path = Base.lproj/Main.storyboard; sourceTree = "<group>"; };
		5A7FE0AD218D934B005F99A2 /* Podfile */ = {isa = PBXFileReference; fileEncoding = 4; lastKnownFileType = text; path = Podfile; sourceTree = "<group>"; };
		5A7FE0AF218DFC3F005F99A2 /* UserSession.swift */ = {isa = PBXFileReference; lastKnownFileType = sourcecode.swift; path = UserSession.swift; sourceTree = "<group>"; };
		5A935CDF218E1E5500077597 /* LandingViewController.swift */ = {isa = PBXFileReference; lastKnownFileType = sourcecode.swift; path = LandingViewController.swift; sourceTree = "<group>"; };
		5B10F67A218D062200344011 /* BorrowMyAngel.app */ = {isa = PBXFileReference; explicitFileType = wrapper.application; includeInIndex = 0; path = BorrowMyAngel.app; sourceTree = BUILT_PRODUCTS_DIR; };
		5B10F67D218D062200344011 /* AppDelegate.swift */ = {isa = PBXFileReference; lastKnownFileType = sourcecode.swift; path = AppDelegate.swift; sourceTree = "<group>"; };
		5B10F67F218D062300344011 /* ConnectViewController.swift */ = {isa = PBXFileReference; lastKnownFileType = sourcecode.swift; path = ConnectViewController.swift; sourceTree = "<group>"; };
		5B10F681218D062300344011 /* ResourcesViewController.swift */ = {isa = PBXFileReference; lastKnownFileType = sourcecode.swift; path = ResourcesViewController.swift; sourceTree = "<group>"; };
		5B10F686218D062500344011 /* Assets.xcassets */ = {isa = PBXFileReference; lastKnownFileType = folder.assetcatalog; path = Assets.xcassets; sourceTree = "<group>"; };
		5B10F689218D062500344011 /* Base */ = {isa = PBXFileReference; lastKnownFileType = file.storyboard; name = Base; path = Base.lproj/LaunchScreen.storyboard; sourceTree = "<group>"; };
		5B10F68B218D062500344011 /* Info.plist */ = {isa = PBXFileReference; lastKnownFileType = text.plist.xml; path = Info.plist; sourceTree = "<group>"; };
		5B10F690218D062500344011 /* BorrowMyAngelTests.xctest */ = {isa = PBXFileReference; explicitFileType = wrapper.cfbundle; includeInIndex = 0; path = BorrowMyAngelTests.xctest; sourceTree = BUILT_PRODUCTS_DIR; };
		5B10F694218D062500344011 /* BorrowMyAngelTests.swift */ = {isa = PBXFileReference; lastKnownFileType = sourcecode.swift; path = BorrowMyAngelTests.swift; sourceTree = "<group>"; };
		5B10F696218D062500344011 /* Info.plist */ = {isa = PBXFileReference; lastKnownFileType = text.plist.xml; path = Info.plist; sourceTree = "<group>"; };
		5B214008218E23AD00AA5CA8 /* Resources.swift */ = {isa = PBXFileReference; lastKnownFileType = sourcecode.swift; path = Resources.swift; sourceTree = "<group>"; };
		5B21400B218E240C00AA5CA8 /* LocalResources.swift */ = {isa = PBXFileReference; lastKnownFileType = sourcecode.swift; path = LocalResources.swift; sourceTree = "<group>"; };
		5B21400D218E2F7400AA5CA8 /* ResourceDetailViewController.swift */ = {isa = PBXFileReference; lastKnownFileType = sourcecode.swift; path = ResourceDetailViewController.swift; sourceTree = "<group>"; };
		5B214010218E395D00AA5CA8 /* UIColor+BorrowMyAngel.swift */ = {isa = PBXFileReference; lastKnownFileType = sourcecode.swift; path = "UIColor+BorrowMyAngel.swift"; sourceTree = "<group>"; };
		76859D8AAA5D73506A715117 /* Pods-BorrowMyAngel.debug.xcconfig */ = {isa = PBXFileReference; includeInIndex = 1; lastKnownFileType = text.xcconfig; name = "Pods-BorrowMyAngel.debug.xcconfig"; path = "Pods/Target Support Files/Pods-BorrowMyAngel/Pods-BorrowMyAngel.debug.xcconfig"; sourceTree = "<group>"; };
		942CDBFFBFE5041612DABE1C /* Pods-BorrowMyAngel.release.xcconfig */ = {isa = PBXFileReference; includeInIndex = 1; lastKnownFileType = text.xcconfig; name = "Pods-BorrowMyAngel.release.xcconfig"; path = "Pods/Target Support Files/Pods-BorrowMyAngel/Pods-BorrowMyAngel.release.xcconfig"; sourceTree = "<group>"; };
		D3255AC492C561FA04E931E5 /* Pods-BorrowMyAngelTests.release.xcconfig */ = {isa = PBXFileReference; includeInIndex = 1; lastKnownFileType = text.xcconfig; name = "Pods-BorrowMyAngelTests.release.xcconfig"; path = "Pods/Target Support Files/Pods-BorrowMyAngelTests/Pods-BorrowMyAngelTests.release.xcconfig"; sourceTree = "<group>"; };
/* End PBXFileReference section */

/* Begin PBXFrameworksBuildPhase section */
		5B10F677218D062200344011 /* Frameworks */ = {
			isa = PBXFrameworksBuildPhase;
			buildActionMask = 2147483647;
			files = (
			);
			runOnlyForDeploymentPostprocessing = 0;
		};
		5B10F68D218D062500344011 /* Frameworks */ = {
			isa = PBXFrameworksBuildPhase;
			buildActionMask = 2147483647;
			files = (
			);
			runOnlyForDeploymentPostprocessing = 0;
		};
/* End PBXFrameworksBuildPhase section */

/* Begin PBXGroup section */
		5B10F671218D062200344011 = {
			isa = PBXGroup;
			children = (
				5A7FE0AD218D934B005F99A2 /* Podfile */,
				5B10F67C218D062200344011 /* BorrowMyAngel */,
				5B10F693218D062500344011 /* BorrowMyAngelTests */,
				5B10F67B218D062200344011 /* Products */,
				5E0162B5DE4878EA6E5D1A37 /* Pods */,
				6C2BF5A162FFC5D54B5DA8F8 /* Frameworks */,
			);
			sourceTree = "<group>";
		};
		5B10F67B218D062200344011 /* Products */ = {
			isa = PBXGroup;
			children = (
				5B10F67A218D062200344011 /* BorrowMyAngel.app */,
				5B10F690218D062500344011 /* BorrowMyAngelTests.xctest */,
			);
			name = Products;
			sourceTree = "<group>";
		};
		5B10F67C218D062200344011 /* BorrowMyAngel */ = {
			isa = PBXGroup;
			children = (
				5B21400F218E394100AA5CA8 /* Extensions */,
				5B21400A218E23FC00AA5CA8 /* Data */,
				5B214007218E239F00AA5CA8 /* Models */,
				5A460ABD218D8D1900FA77F7 /* Main.storyboard */,
				5A40C62B218D7804001E8412 /* MessagingViewController.swift */,
				5B10F67D218D062200344011 /* AppDelegate.swift */,
				5B10F67F218D062300344011 /* ConnectViewController.swift */,
				5B10F681218D062300344011 /* ResourcesViewController.swift */,
				5B10F686218D062500344011 /* Assets.xcassets */,
				5B10F688218D062500344011 /* LaunchScreen.storyboard */,
				5B10F68B218D062500344011 /* Info.plist */,
				4538C3FA218D42960058F5D8 /* AngelStatusViewController.swift */,
				5A40C62D218D7E64001E8412 /* LoginViewController.swift */,
				5A7FE0AF218DFC3F005F99A2 /* UserSession.swift */,
				5A935CDF218E1E5500077597 /* LandingViewController.swift */,
				5B21400D218E2F7400AA5CA8 /* ResourceDetailViewController.swift */,
				45CCAB76218E20C10048A34C /* AngelApplicationViewController.swift */,
			);
			path = BorrowMyAngel;
			sourceTree = "<group>";
		};
		5B10F693218D062500344011 /* BorrowMyAngelTests */ = {
			isa = PBXGroup;
			children = (
				5B10F694218D062500344011 /* BorrowMyAngelTests.swift */,
				5B10F696218D062500344011 /* Info.plist */,
			);
			path = BorrowMyAngelTests;
			sourceTree = "<group>";
		};
		5B214007218E239F00AA5CA8 /* Models */ = {
			isa = PBXGroup;
			children = (
				5B214008218E23AD00AA5CA8 /* Resources.swift */,
			);
			path = Models;
			sourceTree = "<group>";
		};
		5B21400A218E23FC00AA5CA8 /* Data */ = {
			isa = PBXGroup;
			children = (
				5B21400B218E240C00AA5CA8 /* LocalResources.swift */,
			);
			path = Data;
			sourceTree = "<group>";
		};
		5B21400F218E394100AA5CA8 /* Extensions */ = {
			isa = PBXGroup;
			children = (
				5B214010218E395D00AA5CA8 /* UIColor+BorrowMyAngel.swift */,
			);
			path = Extensions;
			sourceTree = "<group>";
		};
		5E0162B5DE4878EA6E5D1A37 /* Pods */ = {
			isa = PBXGroup;
			children = (
				76859D8AAA5D73506A715117 /* Pods-BorrowMyAngel.debug.xcconfig */,
				942CDBFFBFE5041612DABE1C /* Pods-BorrowMyAngel.release.xcconfig */,
				4CA1D90DABB7E8E4572F5D09 /* Pods-BorrowMyAngelTests.debug.xcconfig */,
				D3255AC492C561FA04E931E5 /* Pods-BorrowMyAngelTests.release.xcconfig */,
			);
			name = Pods;
			sourceTree = "<group>";
		};
		6C2BF5A162FFC5D54B5DA8F8 /* Frameworks */ = {
			isa = PBXGroup;
			children = (
			);
			name = Frameworks;
			sourceTree = "<group>";
		};
/* End PBXGroup section */

/* Begin PBXNativeTarget section */
		5B10F679218D062200344011 /* BorrowMyAngel */ = {
			isa = PBXNativeTarget;
			buildConfigurationList = 5B10F699218D062500344011 /* Build configuration list for PBXNativeTarget "BorrowMyAngel" */;
			buildPhases = (
				A1AE97C97E57A80C8F3CF2C8 /* [CP] Check Pods Manifest.lock */,
				5B10F676218D062200344011 /* Sources */,
				5B10F677218D062200344011 /* Frameworks */,
				5B10F678218D062200344011 /* Resources */,
				6DFBA330979AAEDBA8FAEE01 /* [CP] Embed Pods Frameworks */,
			);
			buildRules = (
			);
			dependencies = (
			);
			name = BorrowMyAngel;
			productName = BorrowMyAngel;
			productReference = 5B10F67A218D062200344011 /* BorrowMyAngel.app */;
			productType = "com.apple.product-type.application";
		};
		5B10F68F218D062500344011 /* BorrowMyAngelTests */ = {
			isa = PBXNativeTarget;
			buildConfigurationList = 5B10F69C218D062500344011 /* Build configuration list for PBXNativeTarget "BorrowMyAngelTests" */;
			buildPhases = (
				0A4C3F35FBDE1E7A77F7506F /* [CP] Check Pods Manifest.lock */,
				5B10F68C218D062500344011 /* Sources */,
				5B10F68D218D062500344011 /* Frameworks */,
				5B10F68E218D062500344011 /* Resources */,
			);
			buildRules = (
			);
			dependencies = (
				5B10F692218D062500344011 /* PBXTargetDependency */,
			);
			name = BorrowMyAngelTests;
			productName = BorrowMyAngelTests;
			productReference = 5B10F690218D062500344011 /* BorrowMyAngelTests.xctest */;
			productType = "com.apple.product-type.bundle.unit-test";
		};
/* End PBXNativeTarget section */

/* Begin PBXProject section */
		5B10F672218D062200344011 /* Project object */ = {
			isa = PBXProject;
			attributes = {
				LastSwiftUpdateCheck = 1000;
				LastUpgradeCheck = 1000;
				ORGANIZATIONNAME = hack4good;
				TargetAttributes = {
					5B10F679218D062200344011 = {
						CreatedOnToolsVersion = 10.0;
					};
					5B10F68F218D062500344011 = {
						CreatedOnToolsVersion = 10.0;
						TestTargetID = 5B10F679218D062200344011;
					};
				};
			};
			buildConfigurationList = 5B10F675218D062200344011 /* Build configuration list for PBXProject "BorrowMyAngel" */;
			compatibilityVersion = "Xcode 9.3";
			developmentRegion = en;
			hasScannedForEncodings = 0;
			knownRegions = (
				en,
				Base,
			);
			mainGroup = 5B10F671218D062200344011;
			productRefGroup = 5B10F67B218D062200344011 /* Products */;
			projectDirPath = "";
			projectRoot = "";
			targets = (
				5B10F679218D062200344011 /* BorrowMyAngel */,
				5B10F68F218D062500344011 /* BorrowMyAngelTests */,
			);
		};
/* End PBXProject section */

/* Begin PBXResourcesBuildPhase section */
		5B10F678218D062200344011 /* Resources */ = {
			isa = PBXResourcesBuildPhase;
			buildActionMask = 2147483647;
			files = (
				5A460ABF218D8D1900FA77F7 /* Main.storyboard in Resources */,
				5B10F68A218D062500344011 /* LaunchScreen.storyboard in Resources */,
				5A7FE0AE218D934B005F99A2 /* Podfile in Resources */,
				5B10F687218D062500344011 /* Assets.xcassets in Resources */,
			);
			runOnlyForDeploymentPostprocessing = 0;
		};
		5B10F68E218D062500344011 /* Resources */ = {
			isa = PBXResourcesBuildPhase;
			buildActionMask = 2147483647;
			files = (
			);
			runOnlyForDeploymentPostprocessing = 0;
		};
/* End PBXResourcesBuildPhase section */

/* Begin PBXShellScriptBuildPhase section */
		0A4C3F35FBDE1E7A77F7506F /* [CP] Check Pods Manifest.lock */ = {
			isa = PBXShellScriptBuildPhase;
			buildActionMask = 2147483647;
			files = (
			);
			inputPaths = (
				"${PODS_PODFILE_DIR_PATH}/Podfile.lock",
				"${PODS_ROOT}/Manifest.lock",
			);
			name = "[CP] Check Pods Manifest.lock";
			outputPaths = (
				"$(DERIVED_FILE_DIR)/Pods-BorrowMyAngelTests-checkManifestLockResult.txt",
			);
			runOnlyForDeploymentPostprocessing = 0;
			shellPath = /bin/sh;
			shellScript = "diff \"${PODS_PODFILE_DIR_PATH}/Podfile.lock\" \"${PODS_ROOT}/Manifest.lock\" > /dev/null\nif [ $? != 0 ] ; then\n    # print error to STDERR\n    echo \"error: The sandbox is not in sync with the Podfile.lock. Run 'pod install' or update your CocoaPods installation.\" >&2\n    exit 1\nfi\n# This output is used by Xcode 'outputs' to avoid re-running this script phase.\necho \"SUCCESS\" > \"${SCRIPT_OUTPUT_FILE_0}\"\n";
			showEnvVarsInLog = 0;
		};
		6DFBA330979AAEDBA8FAEE01 /* [CP] Embed Pods Frameworks */ = {
			isa = PBXShellScriptBuildPhase;
			buildActionMask = 2147483647;
			files = (
			);
			inputPaths = (
				"${SRCROOT}/Pods/Target Support Files/Pods-BorrowMyAngel/Pods-BorrowMyAngel-frameworks.sh",
				"${PODS_ROOT}/SendBirdSDK/SendBirdSDK.framework",
				"${PODS_ROOT}/SendBirdSDK/SendBirdSDK.framework.dSYM",
			);
			name = "[CP] Embed Pods Frameworks";
			outputPaths = (
				"${TARGET_BUILD_DIR}/${FRAMEWORKS_FOLDER_PATH}/SendBirdSDK.framework",
				"${DWARF_DSYM_FOLDER_PATH}/SendBirdSDK.framework.dSYM",
			);
			runOnlyForDeploymentPostprocessing = 0;
			shellPath = /bin/sh;
			shellScript = "\"${SRCROOT}/Pods/Target Support Files/Pods-BorrowMyAngel/Pods-BorrowMyAngel-frameworks.sh\"\n";
			showEnvVarsInLog = 0;
		};
		A1AE97C97E57A80C8F3CF2C8 /* [CP] Check Pods Manifest.lock */ = {
			isa = PBXShellScriptBuildPhase;
			buildActionMask = 2147483647;
			files = (
			);
			inputPaths = (
				"${PODS_PODFILE_DIR_PATH}/Podfile.lock",
				"${PODS_ROOT}/Manifest.lock",
			);
			name = "[CP] Check Pods Manifest.lock";
			outputPaths = (
				"$(DERIVED_FILE_DIR)/Pods-BorrowMyAngel-checkManifestLockResult.txt",
			);
			runOnlyForDeploymentPostprocessing = 0;
			shellPath = /bin/sh;
			shellScript = "diff \"${PODS_PODFILE_DIR_PATH}/Podfile.lock\" \"${PODS_ROOT}/Manifest.lock\" > /dev/null\nif [ $? != 0 ] ; then\n    # print error to STDERR\n    echo \"error: The sandbox is not in sync with the Podfile.lock. Run 'pod install' or update your CocoaPods installation.\" >&2\n    exit 1\nfi\n# This output is used by Xcode 'outputs' to avoid re-running this script phase.\necho \"SUCCESS\" > \"${SCRIPT_OUTPUT_FILE_0}\"\n";
			showEnvVarsInLog = 0;
		};
/* End PBXShellScriptBuildPhase section */

/* Begin PBXSourcesBuildPhase section */
		5B10F676218D062200344011 /* Sources */ = {
			isa = PBXSourcesBuildPhase;
			buildActionMask = 2147483647;
			files = (
				5A40C62E218D7E64001E8412 /* LoginViewController.swift in Sources */,
				4538C3FB218D42960058F5D8 /* AngelStatusViewController.swift in Sources */,
				5A935CE0218E1E5500077597 /* LandingViewController.swift in Sources */,
				5B10F682218D062300344011 /* ResourcesViewController.swift in Sources */,
				5A7FE0B0218DFC3F005F99A2 /* UserSession.swift in Sources */,
				45CCAB77218E20C10048A34C /* AngelApplicationViewController.swift in Sources */,
				5B10F67E218D062200344011 /* AppDelegate.swift in Sources */,
				5B214011218E395D00AA5CA8 /* UIColor+BorrowMyAngel.swift in Sources */,
				5B21400E218E2F7400AA5CA8 /* ResourceDetailViewController.swift in Sources */,
				5B21400C218E240C00AA5CA8 /* LocalResources.swift in Sources */,
				5B214009218E23AD00AA5CA8 /* Resources.swift in Sources */,
				5A40C62C218D7804001E8412 /* MessagingViewController.swift in Sources */,
				5B10F680218D062300344011 /* ConnectViewController.swift in Sources */,
			);
			runOnlyForDeploymentPostprocessing = 0;
		};
		5B10F68C218D062500344011 /* Sources */ = {
			isa = PBXSourcesBuildPhase;
			buildActionMask = 2147483647;
			files = (
				5B10F695218D062500344011 /* BorrowMyAngelTests.swift in Sources */,
			);
			runOnlyForDeploymentPostprocessing = 0;
		};
/* End PBXSourcesBuildPhase section */

/* Begin PBXTargetDependency section */
		5B10F692218D062500344011 /* PBXTargetDependency */ = {
			isa = PBXTargetDependency;
			target = 5B10F679218D062200344011 /* BorrowMyAngel */;
			targetProxy = 5B10F691218D062500344011 /* PBXContainerItemProxy */;
		};
/* End PBXTargetDependency section */

/* Begin PBXVariantGroup section */
		5A460ABD218D8D1900FA77F7 /* Main.storyboard */ = {
			isa = PBXVariantGroup;
			children = (
				5A460ABE218D8D1900FA77F7 /* Base */,
			);
			name = Main.storyboard;
			sourceTree = "<group>";
		};
		5B10F688218D062500344011 /* LaunchScreen.storyboard */ = {
			isa = PBXVariantGroup;
			children = (
				5B10F689218D062500344011 /* Base */,
			);
			name = LaunchScreen.storyboard;
			sourceTree = "<group>";
		};
/* End PBXVariantGroup section */

/* Begin XCBuildConfiguration section */
		5B10F697218D062500344011 /* Debug */ = {
			isa = XCBuildConfiguration;
			buildSettings = {
				ALWAYS_SEARCH_USER_PATHS = NO;
				CLANG_ANALYZER_NONNULL = YES;
				CLANG_ANALYZER_NUMBER_OBJECT_CONVERSION = YES_AGGRESSIVE;
				CLANG_CXX_LANGUAGE_STANDARD = "gnu++14";
				CLANG_CXX_LIBRARY = "libc++";
				CLANG_ENABLE_MODULES = YES;
				CLANG_ENABLE_OBJC_ARC = YES;
				CLANG_ENABLE_OBJC_WEAK = YES;
				CLANG_WARN_BLOCK_CAPTURE_AUTORELEASING = YES;
				CLANG_WARN_BOOL_CONVERSION = YES;
				CLANG_WARN_COMMA = YES;
				CLANG_WARN_CONSTANT_CONVERSION = YES;
				CLANG_WARN_DEPRECATED_OBJC_IMPLEMENTATIONS = YES;
				CLANG_WARN_DIRECT_OBJC_ISA_USAGE = YES_ERROR;
				CLANG_WARN_DOCUMENTATION_COMMENTS = YES;
				CLANG_WARN_EMPTY_BODY = YES;
				CLANG_WARN_ENUM_CONVERSION = YES;
				CLANG_WARN_INFINITE_RECURSION = YES;
				CLANG_WARN_INT_CONVERSION = YES;
				CLANG_WARN_NON_LITERAL_NULL_CONVERSION = YES;
				CLANG_WARN_OBJC_IMPLICIT_RETAIN_SELF = YES;
				CLANG_WARN_OBJC_LITERAL_CONVERSION = YES;
				CLANG_WARN_OBJC_ROOT_CLASS = YES_ERROR;
				CLANG_WARN_RANGE_LOOP_ANALYSIS = YES;
				CLANG_WARN_STRICT_PROTOTYPES = YES;
				CLANG_WARN_SUSPICIOUS_MOVE = YES;
				CLANG_WARN_UNGUARDED_AVAILABILITY = YES_AGGRESSIVE;
				CLANG_WARN_UNREACHABLE_CODE = YES;
				CLANG_WARN__DUPLICATE_METHOD_MATCH = YES;
				CODE_SIGN_IDENTITY = "iPhone Developer";
				COPY_PHASE_STRIP = NO;
				DEBUG_INFORMATION_FORMAT = dwarf;
				ENABLE_STRICT_OBJC_MSGSEND = YES;
				ENABLE_TESTABILITY = YES;
				GCC_C_LANGUAGE_STANDARD = gnu11;
				GCC_DYNAMIC_NO_PIC = NO;
				GCC_NO_COMMON_BLOCKS = YES;
				GCC_OPTIMIZATION_LEVEL = 0;
				GCC_PREPROCESSOR_DEFINITIONS = (
					"DEBUG=1",
					"$(inherited)",
				);
				GCC_WARN_64_TO_32_BIT_CONVERSION = YES;
				GCC_WARN_ABOUT_RETURN_TYPE = YES_ERROR;
				GCC_WARN_UNDECLARED_SELECTOR = YES;
				GCC_WARN_UNINITIALIZED_AUTOS = YES_AGGRESSIVE;
				GCC_WARN_UNUSED_FUNCTION = YES;
				GCC_WARN_UNUSED_VARIABLE = YES;
				IPHONEOS_DEPLOYMENT_TARGET = 12.0;
				MTL_ENABLE_DEBUG_INFO = INCLUDE_SOURCE;
				MTL_FAST_MATH = YES;
				ONLY_ACTIVE_ARCH = YES;
				SDKROOT = iphoneos;
				SWIFT_ACTIVE_COMPILATION_CONDITIONS = DEBUG;
				SWIFT_OPTIMIZATION_LEVEL = "-Onone";
			};
			name = Debug;
		};
		5B10F698218D062500344011 /* Release */ = {
			isa = XCBuildConfiguration;
			buildSettings = {
				ALWAYS_SEARCH_USER_PATHS = NO;
				CLANG_ANALYZER_NONNULL = YES;
				CLANG_ANALYZER_NUMBER_OBJECT_CONVERSION = YES_AGGRESSIVE;
				CLANG_CXX_LANGUAGE_STANDARD = "gnu++14";
				CLANG_CXX_LIBRARY = "libc++";
				CLANG_ENABLE_MODULES = YES;
				CLANG_ENABLE_OBJC_ARC = YES;
				CLANG_ENABLE_OBJC_WEAK = YES;
				CLANG_WARN_BLOCK_CAPTURE_AUTORELEASING = YES;
				CLANG_WARN_BOOL_CONVERSION = YES;
				CLANG_WARN_COMMA = YES;
				CLANG_WARN_CONSTANT_CONVERSION = YES;
				CLANG_WARN_DEPRECATED_OBJC_IMPLEMENTATIONS = YES;
				CLANG_WARN_DIRECT_OBJC_ISA_USAGE = YES_ERROR;
				CLANG_WARN_DOCUMENTATION_COMMENTS = YES;
				CLANG_WARN_EMPTY_BODY = YES;
				CLANG_WARN_ENUM_CONVERSION = YES;
				CLANG_WARN_INFINITE_RECURSION = YES;
				CLANG_WARN_INT_CONVERSION = YES;
				CLANG_WARN_NON_LITERAL_NULL_CONVERSION = YES;
				CLANG_WARN_OBJC_IMPLICIT_RETAIN_SELF = YES;
				CLANG_WARN_OBJC_LITERAL_CONVERSION = YES;
				CLANG_WARN_OBJC_ROOT_CLASS = YES_ERROR;
				CLANG_WARN_RANGE_LOOP_ANALYSIS = YES;
				CLANG_WARN_STRICT_PROTOTYPES = YES;
				CLANG_WARN_SUSPICIOUS_MOVE = YES;
				CLANG_WARN_UNGUARDED_AVAILABILITY = YES_AGGRESSIVE;
				CLANG_WARN_UNREACHABLE_CODE = YES;
				CLANG_WARN__DUPLICATE_METHOD_MATCH = YES;
				CODE_SIGN_IDENTITY = "iPhone Developer";
				COPY_PHASE_STRIP = NO;
				DEBUG_INFORMATION_FORMAT = "dwarf-with-dsym";
				ENABLE_NS_ASSERTIONS = NO;
				ENABLE_STRICT_OBJC_MSGSEND = YES;
				GCC_C_LANGUAGE_STANDARD = gnu11;
				GCC_NO_COMMON_BLOCKS = YES;
				GCC_WARN_64_TO_32_BIT_CONVERSION = YES;
				GCC_WARN_ABOUT_RETURN_TYPE = YES_ERROR;
				GCC_WARN_UNDECLARED_SELECTOR = YES;
				GCC_WARN_UNINITIALIZED_AUTOS = YES_AGGRESSIVE;
				GCC_WARN_UNUSED_FUNCTION = YES;
				GCC_WARN_UNUSED_VARIABLE = YES;
				IPHONEOS_DEPLOYMENT_TARGET = 12.0;
				MTL_ENABLE_DEBUG_INFO = NO;
				MTL_FAST_MATH = YES;
				SDKROOT = iphoneos;
				SWIFT_COMPILATION_MODE = wholemodule;
				SWIFT_OPTIMIZATION_LEVEL = "-O";
				VALIDATE_PRODUCT = YES;
			};
			name = Release;
		};
		5B10F69A218D062500344011 /* Debug */ = {
			isa = XCBuildConfiguration;
			baseConfigurationReference = 76859D8AAA5D73506A715117 /* Pods-BorrowMyAngel.debug.xcconfig */;
			buildSettings = {
				ASSETCATALOG_COMPILER_APPICON_NAME = AppIcon;
				CODE_SIGN_STYLE = Automatic;
				DEVELOPMENT_TEAM = MSA976FD39;
				INFOPLIST_FILE = BorrowMyAngel/Info.plist;
				IPHONEOS_DEPLOYMENT_TARGET = 10.3;
				LD_RUNPATH_SEARCH_PATHS = (
					"$(inherited)",
					"@executable_path/Frameworks",
				);
				PRODUCT_BUNDLE_IDENTIFIER = com.hack4good.BorrowMyAngel;
				PRODUCT_NAME = "$(TARGET_NAME)";
				SWIFT_VERSION = 4.2;
				TARGETED_DEVICE_FAMILY = 1;
			};
			name = Debug;
		};
		5B10F69B218D062500344011 /* Release */ = {
			isa = XCBuildConfiguration;
			baseConfigurationReference = 942CDBFFBFE5041612DABE1C /* Pods-BorrowMyAngel.release.xcconfig */;
			buildSettings = {
				ASSETCATALOG_COMPILER_APPICON_NAME = AppIcon;
				CODE_SIGN_STYLE = Automatic;
				DEVELOPMENT_TEAM = MSA976FD39;
				INFOPLIST_FILE = BorrowMyAngel/Info.plist;
				IPHONEOS_DEPLOYMENT_TARGET = 10.3;
				LD_RUNPATH_SEARCH_PATHS = (
					"$(inherited)",
					"@executable_path/Frameworks",
				);
				PRODUCT_BUNDLE_IDENTIFIER = com.hack4good.BorrowMyAngel;
				PRODUCT_NAME = "$(TARGET_NAME)";
				SWIFT_VERSION = 4.2;
				TARGETED_DEVICE_FAMILY = 1;
			};
			name = Release;
		};
		5B10F69D218D062500344011 /* Debug */ = {
			isa = XCBuildConfiguration;
			baseConfigurationReference = 4CA1D90DABB7E8E4572F5D09 /* Pods-BorrowMyAngelTests.debug.xcconfig */;
			buildSettings = {
				ALWAYS_EMBED_SWIFT_STANDARD_LIBRARIES = YES;
				BUNDLE_LOADER = "$(TEST_HOST)";
				CODE_SIGN_STYLE = Automatic;
				INFOPLIST_FILE = BorrowMyAngelTests/Info.plist;
				LD_RUNPATH_SEARCH_PATHS = (
					"$(inherited)",
					"@executable_path/Frameworks",
					"@loader_path/Frameworks",
				);
				PRODUCT_BUNDLE_IDENTIFIER = com.hack4good.BorrowMyAngelTests;
				PRODUCT_NAME = "$(TARGET_NAME)";
				SWIFT_VERSION = 4.2;
				TARGETED_DEVICE_FAMILY = "1,2";
				TEST_HOST = "$(BUILT_PRODUCTS_DIR)/BorrowMyAngel.app/BorrowMyAngel";
			};
			name = Debug;
		};
		5B10F69E218D062500344011 /* Release */ = {
			isa = XCBuildConfiguration;
			baseConfigurationReference = D3255AC492C561FA04E931E5 /* Pods-BorrowMyAngelTests.release.xcconfig */;
			buildSettings = {
				ALWAYS_EMBED_SWIFT_STANDARD_LIBRARIES = YES;
				BUNDLE_LOADER = "$(TEST_HOST)";
				CODE_SIGN_STYLE = Automatic;
				INFOPLIST_FILE = BorrowMyAngelTests/Info.plist;
				LD_RUNPATH_SEARCH_PATHS = (
					"$(inherited)",
					"@executable_path/Frameworks",
					"@loader_path/Frameworks",
				);
				PRODUCT_BUNDLE_IDENTIFIER = com.hack4good.BorrowMyAngelTests;
				PRODUCT_NAME = "$(TARGET_NAME)";
				SWIFT_VERSION = 4.2;
				TARGETED_DEVICE_FAMILY = "1,2";
				TEST_HOST = "$(BUILT_PRODUCTS_DIR)/BorrowMyAngel.app/BorrowMyAngel";
			};
			name = Release;
		};
/* End XCBuildConfiguration section */

/* Begin XCConfigurationList section */
		5B10F675218D062200344011 /* Build configuration list for PBXProject "BorrowMyAngel" */ = {
			isa = XCConfigurationList;
			buildConfigurations = (
				5B10F697218D062500344011 /* Debug */,
				5B10F698218D062500344011 /* Release */,
			);
			defaultConfigurationIsVisible = 0;
			defaultConfigurationName = Release;
		};
		5B10F699218D062500344011 /* Build configuration list for PBXNativeTarget "BorrowMyAngel" */ = {
			isa = XCConfigurationList;
			buildConfigurations = (
				5B10F69A218D062500344011 /* Debug */,
				5B10F69B218D062500344011 /* Release */,
			);
			defaultConfigurationIsVisible = 0;
			defaultConfigurationName = Release;
		};
		5B10F69C218D062500344011 /* Build configuration list for PBXNativeTarget "BorrowMyAngelTests" */ = {
			isa = XCConfigurationList;
			buildConfigurations = (
				5B10F69D218D062500344011 /* Debug */,
				5B10F69E218D062500344011 /* Release */,
			);
			defaultConfigurationIsVisible = 0;
			defaultConfigurationName = Release;
		};
/* End XCConfigurationList section */
	};
	rootObject = 5B10F672218D062200344011 /* Project object */;
}
